
Microsoft Visual Studio Solution File, Format Version 12.00
# Visual Studio Version 17
VisualStudioVersion = 17.5.33530.505
MinimumVisualStudioVersion = 10.0.40219.1
Project("{9A19103F-16F7-4668-BE54-9A1E7A4F7556}") = "NxEditor.CeadPlugin", "src\NxEditor.CeadPlugin.csproj", "{1B8F64D9-A86E-4135-9016-F5B810E49A64}"
EndProject
Project("{2150E333-8FDC-42A3-9474-1A3956D46DE8}") = "Libraries", "Libraries", "{61FCA8C1-C48B-4A6C-B1FD-381B23397C10}"
EndProject
Project("{9A19103F-16F7-4668-BE54-9A1E7A4F7556}") = "NxEditor.PluginBase", "lib\NxEditor.PluginBase\src\NxEditor.PluginBase\NxEditor.PluginBase.csproj", "{34E7D7CC-5E2E-4601-B67F-CC3358A14466}"
EndProject
Project("{9A19103F-16F7-4668-BE54-9A1E7A4F7556}") = "NxEditor.PluginBase.Core", "lib\NxEditor.PluginBase\src\NxEditor.PluginBase.Core\NxEditor.PluginBase.Core.csproj", "{2475D741-B7E7-45D7-9F4E-E372CEE39136}"
EndProject
Project("{9A19103F-16F7-4668-BE54-9A1E7A4F7556}") = "Cead", "lib\Cead\src\Cead.csproj", "{D2D66568-1740-4D61-86E7-6F90B451B324}"
EndProject
Global
	GlobalSection(SolutionConfigurationPlatforms) = preSolution
		Debug|Any CPU = Debug|Any CPU
		Release|Any CPU = Release|Any CPU
	EndGlobalSection
	GlobalSection(ProjectConfigurationPlatforms) = postSolution
		{1B8F64D9-A86E-4135-9016-F5B810E49A64}.Debug|Any CPU.ActiveCfg = Debug|Any CPU
		{1B8F64D9-A86E-4135-9016-F5B810E49A64}.Debug|Any CPU.Build.0 = Debug|Any CPU
		{1B8F64D9-A86E-4135-9016-F5B810E49A64}.Release|Any CPU.ActiveCfg = Release|Any CPU
		{1B8F64D9-A86E-4135-9016-F5B810E49A64}.Release|Any CPU.Build.0 = Release|Any CPU
		{34E7D7CC-5E2E-4601-B67F-CC3358A14466}.Debug|Any CPU.ActiveCfg = Debug|Any CPU
		{34E7D7CC-5E2E-4601-B67F-CC3358A14466}.Debug|Any CPU.Build.0 = Debug|Any CPU
		{34E7D7CC-5E2E-4601-B67F-CC3358A14466}.Release|Any CPU.ActiveCfg = Release|Any CPU
		{34E7D7CC-5E2E-4601-B67F-CC3358A14466}.Release|Any CPU.Build.0 = Release|Any CPU
		{2475D741-B7E7-45D7-9F4E-E372CEE39136}.Debug|Any CPU.ActiveCfg = Debug|Any CPU
		{2475D741-B7E7-45D7-9F4E-E372CEE39136}.Debug|Any CPU.Build.0 = Debug|Any CPU
		{2475D741-B7E7-45D7-9F4E-E372CEE39136}.Release|Any CPU.ActiveCfg = Release|Any CPU
		{2475D741-B7E7-45D7-9F4E-E372CEE39136}.Release|Any CPU.Build.0 = Release|Any CPU
		{D2D66568-1740-4D61-86E7-6F90B451B324}.Debug|Any CPU.ActiveCfg = Debug|Any CPU
		{D2D66568-1740-4D61-86E7-6F90B451B324}.Debug|Any CPU.Build.0 = Debug|Any CPU
		{D2D66568-1740-4D61-86E7-6F90B451B324}.Release|Any CPU.ActiveCfg = Release|Any CPU
		{D2D66568-1740-4D61-86E7-6F90B451B324}.Release|Any CPU.Build.0 = Release|Any CPU
	EndGlobalSection
	GlobalSection(SolutionProperties) = preSolution
		HideSolutionNode = FALSE
	EndGlobalSection
	GlobalSection(NestedProjects) = preSolution
		{34E7D7CC-5E2E-4601-B67F-CC3358A14466} = {61FCA8C1-C48B-4A6C-B1FD-381B23397C10}
		{2475D741-B7E7-45D7-9F4E-E372CEE39136} = {61FCA8C1-C48B-4A6C-B1FD-381B23397C10}
		{D2D66568-1740-4D61-86E7-6F90B451B324} = {61FCA8C1-C48B-4A6C-B1FD-381B23397C10}
	EndGlobalSection
	GlobalSection(ExtensibilityGlobals) = postSolution
		SolutionGuid = {491A607B-1DB5-4D18-936E-8812055BD5ED}
	EndGlobalSection
EndGlobal
