
Microsoft Visual Studio Solution File, Format Version 12.00
# Visual Studio Version 17
VisualStudioVersion = 17.5.33530.505
MinimumVisualStudioVersion = 10.0.40219.1
Project("{9A19103F-16F7-4668-BE54-9A1E7A4F7556}") = "NxEditor.EpdPlugin", "src\NxEditor.EpdPlugin.csproj", "{1B8F64D9-A86E-4135-9016-F5B810E49A64}"
EndProject
Project("{2150E333-8FDC-42A3-9474-1A3956D46DE8}") = "Libraries", "Libraries", "{61FCA8C1-C48B-4A6C-B1FD-381B23397C10}"
EndProject
Project("{9A19103F-16F7-4668-BE54-9A1E7A4F7556}") = "NxEditor.PluginBase", "lib\NxEditor.PluginBase\src\NxEditor.PluginBase.csproj", "{34E7D7CC-5E2E-4601-B67F-CC3358A14466}"
EndProject
Project("{9A19103F-16F7-4668-BE54-9A1E7A4F7556}") = "CsOead", "lib\cs-oead\src\CsOead.csproj", "{6D344116-27A0-406F-B7C4-3ADAB5D23DF4}"
EndProject
Project("{9A19103F-16F7-4668-BE54-9A1E7A4F7556}") = "CsRestbl", "lib\cs-restbl\src\CsRestbl\CsRestbl.csproj", "{C20E9EDA-FC20-4F5A-89C3-C6C38BD35893}"
EndProject
Project("{9A19103F-16F7-4668-BE54-9A1E7A4F7556}") = "CsMsbt", "lib\cs-msbt\src\CsMsbt.csproj", "{8FC50158-F89D-46C9-882C-51F5105129A0}"
EndProject
Project("{2150E333-8FDC-42A3-9474-1A3956D46DE8}") = "Dependencies", "Dependencies", "{2CA655A0-840B-4F62-A015-B7EC5A6A684C}"
EndProject
Project("{2150E333-8FDC-42A3-9474-1A3956D46DE8}") = "cs-msbt", "cs-msbt", "{0E9C1E37-17D3-41CA-9215-EFAE14B7F68F}"
EndProject
Project("{9A19103F-16F7-4668-BE54-9A1E7A4F7556}") = "Native.IO", "lib\cs-msbt\lib\NativeIO\src\Native.IO.csproj", "{BE3B4BFF-3D6F-4DFD-81F7-CE80BFED91C6}"
EndProject
Project("{2150E333-8FDC-42A3-9474-1A3956D46DE8}") = "cs-oead", "cs-oead", "{AD74F074-DD26-4073-B89F-5F366AFCF9A2}"
EndProject
Project("{9A19103F-16F7-4668-BE54-9A1E7A4F7556}") = "Native.IO", "lib\cs-oead\lib\Native.IO\src\Native.IO.csproj", "{AF0166AB-FAB9-4823-BE4D-4DCCAC5A09E4}"
EndProject
Project("{2150E333-8FDC-42A3-9474-1A3956D46DE8}") = "cs-restbl", "cs-restbl", "{3C1C120A-1747-4DBC-BC06-8B49F64ECE77}"
EndProject
Project("{9A19103F-16F7-4668-BE54-9A1E7A4F7556}") = "Native.IO", "lib\cs-restbl\lib\Native.IO\src\Native.IO.csproj", "{EEBA90E0-BE1E-44C3-88D3-FCEC263F0AD1}"
EndProject
Global
	GlobalSection(SolutionConfigurationPlatforms) = preSolution
		Debug|Any CPU = Debug|Any CPU
		Release|Any CPU = Release|Any CPU
	EndGlobalSection
	GlobalSection(ProjectConfigurationPlatforms) = postSolution
		{1B8F64D9-A86E-4135-9016-F5B810E49A64}.Debug|Any CPU.ActiveCfg = Debug|Any CPU
		{1B8F64D9-A86E-4135-9016-F5B810E49A64}.Debug|Any CPU.Build.0 = Debug|Any CPU
		{1B8F64D9-A86E-4135-9016-F5B810E49A64}.Release|Any CPU.ActiveCfg = Release|Any CPU
		{1B8F64D9-A86E-4135-9016-F5B810E49A64}.Release|Any CPU.Build.0 = Release|Any CPU
		{34E7D7CC-5E2E-4601-B67F-CC3358A14466}.Debug|Any CPU.ActiveCfg = Debug|Any CPU
		{34E7D7CC-5E2E-4601-B67F-CC3358A14466}.Debug|Any CPU.Build.0 = Debug|Any CPU
		{34E7D7CC-5E2E-4601-B67F-CC3358A14466}.Release|Any CPU.ActiveCfg = Release|Any CPU
		{34E7D7CC-5E2E-4601-B67F-CC3358A14466}.Release|Any CPU.Build.0 = Release|Any CPU
		{6D344116-27A0-406F-B7C4-3ADAB5D23DF4}.Debug|Any CPU.ActiveCfg = Debug|Any CPU
		{6D344116-27A0-406F-B7C4-3ADAB5D23DF4}.Debug|Any CPU.Build.0 = Debug|Any CPU
		{6D344116-27A0-406F-B7C4-3ADAB5D23DF4}.Release|Any CPU.ActiveCfg = Release|Any CPU
		{6D344116-27A0-406F-B7C4-3ADAB5D23DF4}.Release|Any CPU.Build.0 = Release|Any CPU
		{C20E9EDA-FC20-4F5A-89C3-C6C38BD35893}.Debug|Any CPU.ActiveCfg = Debug|Any CPU
		{C20E9EDA-FC20-4F5A-89C3-C6C38BD35893}.Debug|Any CPU.Build.0 = Debug|Any CPU
		{C20E9EDA-FC20-4F5A-89C3-C6C38BD35893}.Release|Any CPU.ActiveCfg = Release|Any CPU
		{C20E9EDA-FC20-4F5A-89C3-C6C38BD35893}.Release|Any CPU.Build.0 = Release|Any CPU
		{8FC50158-F89D-46C9-882C-51F5105129A0}.Debug|Any CPU.ActiveCfg = Debug|Any CPU
		{8FC50158-F89D-46C9-882C-51F5105129A0}.Debug|Any CPU.Build.0 = Debug|Any CPU
		{8FC50158-F89D-46C9-882C-51F5105129A0}.Release|Any CPU.ActiveCfg = Release|Any CPU
		{8FC50158-F89D-46C9-882C-51F5105129A0}.Release|Any CPU.Build.0 = Release|Any CPU
		{BE3B4BFF-3D6F-4DFD-81F7-CE80BFED91C6}.Debug|Any CPU.ActiveCfg = Debug|Any CPU
		{BE3B4BFF-3D6F-4DFD-81F7-CE80BFED91C6}.Debug|Any CPU.Build.0 = Debug|Any CPU
		{BE3B4BFF-3D6F-4DFD-81F7-CE80BFED91C6}.Release|Any CPU.ActiveCfg = Release|Any CPU
		{BE3B4BFF-3D6F-4DFD-81F7-CE80BFED91C6}.Release|Any CPU.Build.0 = Release|Any CPU
		{AF0166AB-FAB9-4823-BE4D-4DCCAC5A09E4}.Debug|Any CPU.ActiveCfg = Debug|Any CPU
		{AF0166AB-FAB9-4823-BE4D-4DCCAC5A09E4}.Debug|Any CPU.Build.0 = Debug|Any CPU
		{AF0166AB-FAB9-4823-BE4D-4DCCAC5A09E4}.Release|Any CPU.ActiveCfg = Release|Any CPU
		{AF0166AB-FAB9-4823-BE4D-4DCCAC5A09E4}.Release|Any CPU.Build.0 = Release|Any CPU
		{EEBA90E0-BE1E-44C3-88D3-FCEC263F0AD1}.Debug|Any CPU.ActiveCfg = Debug|Any CPU
		{EEBA90E0-BE1E-44C3-88D3-FCEC263F0AD1}.Debug|Any CPU.Build.0 = Debug|Any CPU
		{EEBA90E0-BE1E-44C3-88D3-FCEC263F0AD1}.Release|Any CPU.ActiveCfg = Release|Any CPU
		{EEBA90E0-BE1E-44C3-88D3-FCEC263F0AD1}.Release|Any CPU.Build.0 = Release|Any CPU
	EndGlobalSection
	GlobalSection(SolutionProperties) = preSolution
		HideSolutionNode = FALSE
	EndGlobalSection
	GlobalSection(NestedProjects) = preSolution
		{34E7D7CC-5E2E-4601-B67F-CC3358A14466} = {61FCA8C1-C48B-4A6C-B1FD-381B23397C10}
		{6D344116-27A0-406F-B7C4-3ADAB5D23DF4} = {61FCA8C1-C48B-4A6C-B1FD-381B23397C10}
		{C20E9EDA-FC20-4F5A-89C3-C6C38BD35893} = {61FCA8C1-C48B-4A6C-B1FD-381B23397C10}
		{8FC50158-F89D-46C9-882C-51F5105129A0} = {61FCA8C1-C48B-4A6C-B1FD-381B23397C10}
		{2CA655A0-840B-4F62-A015-B7EC5A6A684C} = {61FCA8C1-C48B-4A6C-B1FD-381B23397C10}
		{0E9C1E37-17D3-41CA-9215-EFAE14B7F68F} = {2CA655A0-840B-4F62-A015-B7EC5A6A684C}
		{BE3B4BFF-3D6F-4DFD-81F7-CE80BFED91C6} = {0E9C1E37-17D3-41CA-9215-EFAE14B7F68F}
		{AD74F074-DD26-4073-B89F-5F366AFCF9A2} = {2CA655A0-840B-4F62-A015-B7EC5A6A684C}
		{AF0166AB-FAB9-4823-BE4D-4DCCAC5A09E4} = {AD74F074-DD26-4073-B89F-5F366AFCF9A2}
		{3C1C120A-1747-4DBC-BC06-8B49F64ECE77} = {2CA655A0-840B-4F62-A015-B7EC5A6A684C}
		{EEBA90E0-BE1E-44C3-88D3-FCEC263F0AD1} = {3C1C120A-1747-4DBC-BC06-8B49F64ECE77}
	EndGlobalSection
	GlobalSection(ExtensibilityGlobals) = postSolution
		SolutionGuid = {491A607B-1DB5-4D18-936E-8812055BD5ED}
	EndGlobalSection
EndGlobal
